// !$*UTF8*$!
{
	archiveVersion = 1;
	classes = {
	};
	objectVersion = 48;
	objects = {

/* Begin PBXBuildFile section */
		84534B68202427D700F5E6CF /* Tennis-court.png in Resources */ = {isa = PBXBuildFile; fileRef = 84534B67202427D700F5E6CF /* Tennis-court.png */; };
		8459262C2085945400DE27E9 /* Match.swift in Sources */ = {isa = PBXBuildFile; fileRef = 8459262B2085945400DE27E9 /* Match.swift */; };
		8459262E20859FF500DE27E9 /* MatchTableViewController.swift in Sources */ = {isa = PBXBuildFile; fileRef = 8459262D20859FF500DE27E9 /* MatchTableViewController.swift */; };
		8488A7BB2016449800411ABB /* MatchViewController.swift in Sources */ = {isa = PBXBuildFile; fileRef = 8488A7BA2016449800411ABB /* MatchViewController.swift */; };
		8488A7BD201644A900411ABB /* AccountViewController.swift in Sources */ = {isa = PBXBuildFile; fileRef = 8488A7BC201644A900411ABB /* AccountViewController.swift */; };
		84A80001200FA103004C80BA /* PlayViewController.swift in Sources */ = {isa = PBXBuildFile; fileRef = 84A80000200FA103004C80BA /* PlayViewController.swift */; };
		84A80004200FA103004C80BA /* Main.storyboard in Resources */ = {isa = PBXBuildFile; fileRef = 84A80002200FA103004C80BA /* Main.storyboard */; };
		84A80006200FA103004C80BA /* Assets.xcassets in Resources */ = {isa = PBXBuildFile; fileRef = 84A80005200FA103004C80BA /* Assets.xcassets */; };
		84A80009200FA103004C80BA /* LaunchScreen.storyboard in Resources */ = {isa = PBXBuildFile; fileRef = 84A80007200FA103004C80BA /* LaunchScreen.storyboard */; };
		84A80014200FA103004C80BA /* OnCourtTests.swift in Sources */ = {isa = PBXBuildFile; fileRef = 84A80013200FA103004C80BA /* OnCourtTests.swift */; };
		84A8FFFD200FA103004C80BA /* AppDelegate.swift in Sources */ = {isa = PBXBuildFile; fileRef = 84A8FFFC200FA103004C80BA /* AppDelegate.swift */; };
		84A8FFFF200FA103004C80BA /* HomeViewController.swift in Sources */ = {isa = PBXBuildFile; fileRef = 84A8FFFE200FA103004C80BA /* HomeViewController.swift */; };
		84BBF2DA2020C5B200993872 /* StatsViewController.swift in Sources */ = {isa = PBXBuildFile; fileRef = 84BBF2D62020C5B200993872 /* StatsViewController.swift */; };
		84BBF2DB2020C5B200993872 /* ErrorTypeViewController.swift in Sources */ = {isa = PBXBuildFile; fileRef = 84BBF2D72020C5B200993872 /* ErrorTypeViewController.swift */; };
		84BBF2DC2020C5B200993872 /* MainPlayViewController.swift in Sources */ = {isa = PBXBuildFile; fileRef = 84BBF2D82020C5B200993872 /* MainPlayViewController.swift */; };
		84C8705E208804CB0028C302 /* MatchTableViewCell.swift in Sources */ = {isa = PBXBuildFile; fileRef = 84C8705D208804CA0028C302 /* MatchTableViewCell.swift */; };
		84DE5A33207BC66C003E404D /* Tennis-court.jpg in Resources */ = {isa = PBXBuildFile; fileRef = 84DE5A32207BC66C003E404D /* Tennis-court.jpg */; };
/* End PBXBuildFile section */

/* Begin PBXContainerItemProxy section */
		84A80010200FA103004C80BA /* PBXContainerItemProxy */ = {
			isa = PBXContainerItemProxy;
			containerPortal = 84A8FFF1200FA103004C80BA /* Project object */;
			proxyType = 1;
			remoteGlobalIDString = 84A8FFF8200FA103004C80BA;
			remoteInfo = OnCourt;
		};
/* End PBXContainerItemProxy section */

/* Begin PBXFileReference section */
		84534B67202427D700F5E6CF /* Tennis-court.png */ = {isa = PBXFileReference; lastKnownFileType = image.png; name = "Tennis-court.png"; path = "../../../TennisTracker/Tennis-court.png"; sourceTree = "<group>"; };
		8459262B2085945400DE27E9 /* Match.swift */ = {isa = PBXFileReference; lastKnownFileType = sourcecode.swift; path = Match.swift; sourceTree = "<group>"; };
		8459262D20859FF500DE27E9 /* MatchTableViewController.swift */ = {isa = PBXFileReference; lastKnownFileType = sourcecode.swift; path = MatchTableViewController.swift; sourceTree = "<group>"; };
		8476496B20221C6100DD15C0 /* OnCourt.entitlements */ = {isa = PBXFileReference; lastKnownFileType = text.plist.entitlements; path = OnCourt.entitlements; sourceTree = "<group>"; };
		8488A7BA2016449800411ABB /* MatchViewController.swift */ = {isa = PBXFileReference; lastKnownFileType = sourcecode.swift; path = MatchViewController.swift; sourceTree = "<group>"; };
		8488A7BC201644A900411ABB /* AccountViewController.swift */ = {isa = PBXFileReference; lastKnownFileType = sourcecode.swift; path = AccountViewController.swift; sourceTree = "<group>"; };
		84A80000200FA103004C80BA /* PlayViewController.swift */ = {isa = PBXFileReference; lastKnownFileType = sourcecode.swift; path = PlayViewController.swift; sourceTree = "<group>"; };
		84A80003200FA103004C80BA /* Base */ = {isa = PBXFileReference; lastKnownFileType = file.storyboard; name = Base; path = Base.lproj/Main.storyboard; sourceTree = "<group>"; };
		84A80005200FA103004C80BA /* Assets.xcassets */ = {isa = PBXFileReference; lastKnownFileType = folder.assetcatalog; path = Assets.xcassets; sourceTree = "<group>"; };
		84A80008200FA103004C80BA /* Base */ = {isa = PBXFileReference; lastKnownFileType = file.storyboard; name = Base; path = Base.lproj/LaunchScreen.storyboard; sourceTree = "<group>"; };
		84A8000A200FA103004C80BA /* Info.plist */ = {isa = PBXFileReference; lastKnownFileType = text.plist.xml; path = Info.plist; sourceTree = "<group>"; };
		84A8000F200FA103004C80BA /* OnCourtTests.xctest */ = {isa = PBXFileReference; explicitFileType = wrapper.cfbundle; includeInIndex = 0; path = OnCourtTests.xctest; sourceTree = BUILT_PRODUCTS_DIR; };
		84A80013200FA103004C80BA /* OnCourtTests.swift */ = {isa = PBXFileReference; lastKnownFileType = sourcecode.swift; path = OnCourtTests.swift; sourceTree = "<group>"; };
		84A80015200FA103004C80BA /* Info.plist */ = {isa = PBXFileReference; lastKnownFileType = text.plist.xml; path = Info.plist; sourceTree = "<group>"; };
		84A8FFF9200FA103004C80BA /* OnCourt.app */ = {isa = PBXFileReference; explicitFileType = wrapper.application; includeInIndex = 0; path = OnCourt.app; sourceTree = BUILT_PRODUCTS_DIR; };
		84A8FFFC200FA103004C80BA /* AppDelegate.swift */ = {isa = PBXFileReference; lastKnownFileType = sourcecode.swift; path = AppDelegate.swift; sourceTree = "<group>"; };
		84A8FFFE200FA103004C80BA /* HomeViewController.swift */ = {isa = PBXFileReference; lastKnownFileType = sourcecode.swift; path = HomeViewController.swift; sourceTree = "<group>"; };
		84BBF2D62020C5B200993872 /* StatsViewController.swift */ = {isa = PBXFileReference; fileEncoding = 4; lastKnownFileType = sourcecode.swift; path = StatsViewController.swift; sourceTree = "<group>"; };
		84BBF2D72020C5B200993872 /* ErrorTypeViewController.swift */ = {isa = PBXFileReference; fileEncoding = 4; lastKnownFileType = sourcecode.swift; path = ErrorTypeViewController.swift; sourceTree = "<group>"; };
		84BBF2D82020C5B200993872 /* MainPlayViewController.swift */ = {isa = PBXFileReference; fileEncoding = 4; lastKnownFileType = sourcecode.swift; path = MainPlayViewController.swift; sourceTree = "<group>"; };
		84C8705D208804CA0028C302 /* MatchTableViewCell.swift */ = {isa = PBXFileReference; fileEncoding = 4; lastKnownFileType = sourcecode.swift; path = MatchTableViewCell.swift; sourceTree = "<group>"; };
		84DE5A32207BC66C003E404D /* Tennis-court.jpg */ = {isa = PBXFileReference; lastKnownFileType = image.jpeg; path = "Tennis-court.jpg"; sourceTree = "<group>"; };
/* End PBXFileReference section */

/* Begin PBXFrameworksBuildPhase section */
		84A8000C200FA103004C80BA /* Frameworks */ = {
			isa = PBXFrameworksBuildPhase;
			buildActionMask = 2147483647;
			files = (
			);
			runOnlyForDeploymentPostprocessing = 0;
		};
		84A8FFF6200FA103004C80BA /* Frameworks */ = {
			isa = PBXFrameworksBuildPhase;
			buildActionMask = 2147483647;
			files = (
			);
			runOnlyForDeploymentPostprocessing = 0;
		};
/* End PBXFrameworksBuildPhase section */

/* Begin PBXGroup section */
		84A80012200FA103004C80BA /* OnCourtTests */ = {
			isa = PBXGroup;
			children = (
				84A80013200FA103004C80BA /* OnCourtTests.swift */,
				84A80015200FA103004C80BA /* Info.plist */,
			);
			path = OnCourtTests;
			sourceTree = "<group>";
		};
		84A8FFF0200FA103004C80BA = {
			isa = PBXGroup;
			children = (
				84A8FFFB200FA103004C80BA /* OnCourt */,
				84A80012200FA103004C80BA /* OnCourtTests */,
				84A8FFFA200FA103004C80BA /* Products */,
			);
			sourceTree = "<group>";
		};
		84A8FFFA200FA103004C80BA /* Products */ = {
			isa = PBXGroup;
			children = (
				84A8FFF9200FA103004C80BA /* OnCourt.app */,
				84A8000F200FA103004C80BA /* OnCourtTests.xctest */,
			);
			name = Products;
			sourceTree = "<group>";
		};
		84A8FFFB200FA103004C80BA /* OnCourt */ = {
			isa = PBXGroup;
			children = (
				84A8FFFC200FA103004C80BA /* AppDelegate.swift */,
				84A8FFFE200FA103004C80BA /* HomeViewController.swift */,
				84A80000200FA103004C80BA /* PlayViewController.swift */,
				8488A7BC201644A900411ABB /* AccountViewController.swift */,
				84A80002200FA103004C80BA /* Main.storyboard */,
				84BBF2D72020C5B200993872 /* ErrorTypeViewController.swift */,
				84BBF2D82020C5B200993872 /* MainPlayViewController.swift */,
				84BBF2D62020C5B200993872 /* StatsViewController.swift */,
				8488A7BA2016449800411ABB /* MatchViewController.swift */,
				8459262B2085945400DE27E9 /* Match.swift */,
				8459262D20859FF500DE27E9 /* MatchTableViewController.swift */,
				84C8705D208804CA0028C302 /* MatchTableViewCell.swift */,
				84A80005200FA103004C80BA /* Assets.xcassets */,
				84A80007200FA103004C80BA /* LaunchScreen.storyboard */,
				84A8000A200FA103004C80BA /* Info.plist */,
				8476496B20221C6100DD15C0 /* OnCourt.entitlements */,
				84DE5A32207BC66C003E404D /* Tennis-court.jpg */,
				84534B67202427D700F5E6CF /* Tennis-court.png */,
			);
			path = OnCourt;
			sourceTree = "<group>";
		};
/* End PBXGroup section */

/* Begin PBXNativeTarget section */
		84A8000E200FA103004C80BA /* OnCourtTests */ = {
			isa = PBXNativeTarget;
			buildConfigurationList = 84A8001B200FA103004C80BA /* Build configuration list for PBXNativeTarget "OnCourtTests" */;
			buildPhases = (
				84A8000B200FA103004C80BA /* Sources */,
				84A8000C200FA103004C80BA /* Frameworks */,
				84A8000D200FA103004C80BA /* Resources */,
			);
			buildRules = (
			);
			dependencies = (
				84A80011200FA103004C80BA /* PBXTargetDependency */,
			);
			name = OnCourtTests;
			productName = OnCourtTests;
			productReference = 84A8000F200FA103004C80BA /* OnCourtTests.xctest */;
			productType = "com.apple.product-type.bundle.unit-test";
		};
		84A8FFF8200FA103004C80BA /* OnCourt */ = {
			isa = PBXNativeTarget;
			buildConfigurationList = 84A80018200FA103004C80BA /* Build configuration list for PBXNativeTarget "OnCourt" */;
			buildPhases = (
				84A8FFF5200FA103004C80BA /* Sources */,
				84A8FFF6200FA103004C80BA /* Frameworks */,
				84A8FFF7200FA103004C80BA /* Resources */,
			);
			buildRules = (
			);
			dependencies = (
			);
			name = OnCourt;
			productName = OnCourt;
			productReference = 84A8FFF9200FA103004C80BA /* OnCourt.app */;
			productType = "com.apple.product-type.application";
		};
/* End PBXNativeTarget section */

/* Begin PBXProject section */
		84A8FFF1200FA103004C80BA /* Project object */ = {
			isa = PBXProject;
			attributes = {
				LastSwiftUpdateCheck = 0920;
				LastUpgradeCheck = 0940;
				ORGANIZATIONNAME = "Ian Anderson";
				TargetAttributes = {
					84A8000E200FA103004C80BA = {
						CreatedOnToolsVersion = 9.2;
						ProvisioningStyle = Automatic;
						TestTargetID = 84A8FFF8200FA103004C80BA;
					};
					84A8FFF8200FA103004C80BA = {
						CreatedOnToolsVersion = 9.2;
						ProvisioningStyle = Automatic;
						SystemCapabilities = {
							com.apple.ApplicationGroups.iOS = {
								enabled = 0;
							};
						};
					};
				};
			};
			buildConfigurationList = 84A8FFF4200FA103004C80BA /* Build configuration list for PBXProject "OnCourt" */;
			compatibilityVersion = "Xcode 8.0";
			developmentRegion = en;
			hasScannedForEncodings = 0;
			knownRegions = (
				en,
				Base,
			);
			mainGroup = 84A8FFF0200FA103004C80BA;
			productRefGroup = 84A8FFFA200FA103004C80BA /* Products */;
			projectDirPath = "";
			projectRoot = "";
			targets = (
				84A8FFF8200FA103004C80BA /* OnCourt */,
				84A8000E200FA103004C80BA /* OnCourtTests */,
			);
		};
/* End PBXProject section */

/* Begin PBXResourcesBuildPhase section */
		84A8000D200FA103004C80BA /* Resources */ = {
			isa = PBXResourcesBuildPhase;
			buildActionMask = 2147483647;
			files = (
			);
			runOnlyForDeploymentPostprocessing = 0;
		};
		84A8FFF7200FA103004C80BA /* Resources */ = {
			isa = PBXResourcesBuildPhase;
			buildActionMask = 2147483647;
			files = (
				84A80009200FA103004C80BA /* LaunchScreen.storyboard in Resources */,
				84A80006200FA103004C80BA /* Assets.xcassets in Resources */,
				84DE5A33207BC66C003E404D /* Tennis-court.jpg in Resources */,
				84534B68202427D700F5E6CF /* Tennis-court.png in Resources */,
				84A80004200FA103004C80BA /* Main.storyboard in Resources */,
			);
			runOnlyForDeploymentPostprocessing = 0;
		};
/* End PBXResourcesBuildPhase section */

/* Begin PBXSourcesBuildPhase section */
		84A8000B200FA103004C80BA /* Sources */ = {
			isa = PBXSourcesBuildPhase;
			buildActionMask = 2147483647;
			files = (
				84A80014200FA103004C80BA /* OnCourtTests.swift in Sources */,
			);
			runOnlyForDeploymentPostprocessing = 0;
		};
		84A8FFF5200FA103004C80BA /* Sources */ = {
			isa = PBXSourcesBuildPhase;
			buildActionMask = 2147483647;
			files = (
				84C8705E208804CB0028C302 /* MatchTableViewCell.swift in Sources */,
				8488A7BB2016449800411ABB /* MatchViewController.swift in Sources */,
				8488A7BD201644A900411ABB /* AccountViewController.swift in Sources */,
				8459262C2085945400DE27E9 /* Match.swift in Sources */,
				8459262E20859FF500DE27E9 /* MatchTableViewController.swift in Sources */,
				84A80001200FA103004C80BA /* PlayViewController.swift in Sources */,
				84BBF2DC2020C5B200993872 /* MainPlayViewController.swift in Sources */,
				84BBF2DB2020C5B200993872 /* ErrorTypeViewController.swift in Sources */,
				84A8FFFD200FA103004C80BA /* AppDelegate.swift in Sources */,
				84BBF2DA2020C5B200993872 /* StatsViewController.swift in Sources */,
				84A8FFFF200FA103004C80BA /* HomeViewController.swift in Sources */,
			);
			runOnlyForDeploymentPostprocessing = 0;
		};
/* End PBXSourcesBuildPhase section */

/* Begin PBXTargetDependency section */
		84A80011200FA103004C80BA /* PBXTargetDependency */ = {
			isa = PBXTargetDependency;
			target = 84A8FFF8200FA103004C80BA /* OnCourt */;
			targetProxy = 84A80010200FA103004C80BA /* PBXContainerItemProxy */;
		};
/* End PBXTargetDependency section */

/* Begin PBXVariantGroup section */
		84A80002200FA103004C80BA /* Main.storyboard */ = {
			isa = PBXVariantGroup;
			children = (
				84A80003200FA103004C80BA /* Base */,
			);
			name = Main.storyboard;
			sourceTree = "<group>";
		};
		84A80007200FA103004C80BA /* LaunchScreen.storyboard */ = {
			isa = PBXVariantGroup;
			children = (
				84A80008200FA103004C80BA /* Base */,
			);
			name = LaunchScreen.storyboard;
			sourceTree = "<group>";
		};
/* End PBXVariantGroup section */

/* Begin XCBuildConfiguration section */
		84A80016200FA103004C80BA /* Debug */ = {
			isa = XCBuildConfiguration;
			buildSettings = {
				ALWAYS_SEARCH_USER_PATHS = NO;
				CLANG_ANALYZER_NONNULL = YES;
				CLANG_ANALYZER_NUMBER_OBJECT_CONVERSION = YES_AGGRESSIVE;
				CLANG_CXX_LANGUAGE_STANDARD = "gnu++14";
				CLANG_CXX_LIBRARY = "libc++";
				CLANG_ENABLE_MODULES = YES;
				CLANG_ENABLE_OBJC_ARC = YES;
				CLANG_WARN_BLOCK_CAPTURE_AUTORELEASING = YES;
				CLANG_WARN_BOOL_CONVERSION = YES;
				CLANG_WARN_COMMA = YES;
				CLANG_WARN_CONSTANT_CONVERSION = YES;
				CLANG_WARN_DEPRECATED_OBJC_IMPLEMENTATIONS = YES;
				CLANG_WARN_DIRECT_OBJC_ISA_USAGE = YES_ERROR;
				CLANG_WARN_DOCUMENTATION_COMMENTS = YES;
				CLANG_WARN_EMPTY_BODY = YES;
				CLANG_WARN_ENUM_CONVERSION = YES;
				CLANG_WARN_INFINITE_RECURSION = YES;
				CLANG_WARN_INT_CONVERSION = YES;
				CLANG_WARN_NON_LITERAL_NULL_CONVERSION = YES;
				CLANG_WARN_OBJC_IMPLICIT_RETAIN_SELF = YES;
				CLANG_WARN_OBJC_LITERAL_CONVERSION = YES;
				CLANG_WARN_OBJC_ROOT_CLASS = YES_ERROR;
				CLANG_WARN_RANGE_LOOP_ANALYSIS = YES;
				CLANG_WARN_STRICT_PROTOTYPES = YES;
				CLANG_WARN_SUSPICIOUS_MOVE = YES;
				CLANG_WARN_UNGUARDED_AVAILABILITY = YES_AGGRESSIVE;
				CLANG_WARN_UNREACHABLE_CODE = YES;
				CLANG_WARN__DUPLICATE_METHOD_MATCH = YES;
				CODE_SIGN_IDENTITY = "iPhone Developer";
				COPY_PHASE_STRIP = NO;
				DEBUG_INFORMATION_FORMAT = dwarf;
				ENABLE_STRICT_OBJC_MSGSEND = YES;
				ENABLE_TESTABILITY = YES;
				GCC_C_LANGUAGE_STANDARD = gnu11;
				GCC_DYNAMIC_NO_PIC = NO;
				GCC_NO_COMMON_BLOCKS = YES;
				GCC_OPTIMIZATION_LEVEL = 0;
				GCC_PREPROCESSOR_DEFINITIONS = (
					"DEBUG=1",
					"$(inherited)",
				);
				GCC_WARN_64_TO_32_BIT_CONVERSION = YES;
				GCC_WARN_ABOUT_RETURN_TYPE = YES_ERROR;
				GCC_WARN_UNDECLARED_SELECTOR = YES;
				GCC_WARN_UNINITIALIZED_AUTOS = YES_AGGRESSIVE;
				GCC_WARN_UNUSED_FUNCTION = YES;
				GCC_WARN_UNUSED_VARIABLE = YES;
				IPHONEOS_DEPLOYMENT_TARGET = 10.0;
				MTL_ENABLE_DEBUG_INFO = YES;
				ONLY_ACTIVE_ARCH = YES;
				SDKROOT = iphoneos;
				SWIFT_ACTIVE_COMPILATION_CONDITIONS = DEBUG;
				SWIFT_OPTIMIZATION_LEVEL = "-Onone";
			};
			name = Debug;
		};
		84A80017200FA103004C80BA /* Release */ = {
			isa = XCBuildConfiguration;
			buildSettings = {
				ALWAYS_SEARCH_USER_PATHS = NO;
				CLANG_ANALYZER_NONNULL = YES;
				CLANG_ANALYZER_NUMBER_OBJECT_CONVERSION = YES_AGGRESSIVE;
				CLANG_CXX_LANGUAGE_STANDARD = "gnu++14";
				CLANG_CXX_LIBRARY = "libc++";
				CLANG_ENABLE_MODULES = YES;
				CLANG_ENABLE_OBJC_ARC = YES;
				CLANG_WARN_BLOCK_CAPTURE_AUTORELEASING = YES;
				CLANG_WARN_BOOL_CONVERSION = YES;
				CLANG_WARN_COMMA = YES;
				CLANG_WARN_CONSTANT_CONVERSION = YES;
				CLANG_WARN_DEPRECATED_OBJC_IMPLEMENTATIONS = YES;
				CLANG_WARN_DIRECT_OBJC_ISA_USAGE = YES_ERROR;
				CLANG_WARN_DOCUMENTATION_COMMENTS = YES;
				CLANG_WARN_EMPTY_BODY = YES;
				CLANG_WARN_ENUM_CONVERSION = YES;
				CLANG_WARN_INFINITE_RECURSION = YES;
				CLANG_WARN_INT_CONVERSION = YES;
				CLANG_WARN_NON_LITERAL_NULL_CONVERSION = YES;
				CLANG_WARN_OBJC_IMPLICIT_RETAIN_SELF = YES;
				CLANG_WARN_OBJC_LITERAL_CONVERSION = YES;
				CLANG_WARN_OBJC_ROOT_CLASS = YES_ERROR;
				CLANG_WARN_RANGE_LOOP_ANALYSIS = YES;
				CLANG_WARN_STRICT_PROTOTYPES = YES;
				CLANG_WARN_SUSPICIOUS_MOVE = YES;
				CLANG_WARN_UNGUARDED_AVAILABILITY = YES_AGGRESSIVE;
				CLANG_WARN_UNREACHABLE_CODE = YES;
				CLANG_WARN__DUPLICATE_METHOD_MATCH = YES;
				CODE_SIGN_IDENTITY = "iPhone Developer";
				COPY_PHASE_STRIP = NO;
				DEBUG_INFORMATION_FORMAT = "dwarf-with-dsym";
				ENABLE_NS_ASSERTIONS = NO;
				ENABLE_STRICT_OBJC_MSGSEND = YES;
				GCC_C_LANGUAGE_STANDARD = gnu11;
				GCC_NO_COMMON_BLOCKS = YES;
				GCC_WARN_64_TO_32_BIT_CONVERSION = YES;
				GCC_WARN_ABOUT_RETURN_TYPE = YES_ERROR;
				GCC_WARN_UNDECLARED_SELECTOR = YES;
				GCC_WARN_UNINITIALIZED_AUTOS = YES_AGGRESSIVE;
				GCC_WARN_UNUSED_FUNCTION = YES;
				GCC_WARN_UNUSED_VARIABLE = YES;
				IPHONEOS_DEPLOYMENT_TARGET = 10.0;
				MTL_ENABLE_DEBUG_INFO = NO;
				SDKROOT = iphoneos;
				SWIFT_OPTIMIZATION_LEVEL = "-Owholemodule";
				VALIDATE_PRODUCT = YES;
			};
			name = Release;
		};
		84A80019200FA103004C80BA /* Debug */ = {
			isa = XCBuildConfiguration;
			buildSettings = {
				ASSETCATALOG_COMPILER_APPICON_NAME = AppIcon;
				CODE_SIGN_ENTITLEMENTS = OnCourt/OnCourt.entitlements;
				"CODE_SIGN_IDENTITY[sdk=iphoneos*]" = "iPhone Developer";
				CODE_SIGN_STYLE = Automatic;
				DEVELOPMENT_TEAM = U5WTF5M2FW;
				INFOPLIST_FILE = OnCourt/Info.plist;
				IPHONEOS_DEPLOYMENT_TARGET = 10.0;
				LD_RUNPATH_SEARCH_PATHS = "$(inherited) @executable_path/Frameworks";
				PRODUCT_BUNDLE_IDENTIFIER = com.IanAnderson.OnCourt;
				PRODUCT_NAME = "$(TARGET_NAME)";
				PROVISIONING_PROFILE_SPECIFIER = "";
				SWIFT_VERSION = 4.0;
				TARGETED_DEVICE_FAMILY = 1;
			};
			name = Debug;
		};
		84A8001A200FA103004C80BA /* Release */ = {
			isa = XCBuildConfiguration;
			buildSettings = {
				ASSETCATALOG_COMPILER_APPICON_NAME = AppIcon;
				CODE_SIGN_ENTITLEMENTS = OnCourt/OnCourt.entitlements;
				"CODE_SIGN_IDENTITY[sdk=iphoneos*]" = "iPhone Developer";
				CODE_SIGN_STYLE = Automatic;
				DEVELOPMENT_TEAM = U5WTF5M2FW;
				INFOPLIST_FILE = OnCourt/Info.plist;
				IPHONEOS_DEPLOYMENT_TARGET = 10.0;
				LD_RUNPATH_SEARCH_PATHS = "$(inherited) @executable_path/Frameworks";
				PRODUCT_BUNDLE_IDENTIFIER = com.IanAnderson.OnCourt;
				PRODUCT_NAME = "$(TARGET_NAME)";
				PROVISIONING_PROFILE_SPECIFIER = "";
				SWIFT_VERSION = 4.0;
				TARGETED_DEVICE_FAMILY = 1;
			};
			name = Release;
		};
		84A8001C200FA103004C80BA /* Debug */ = {
			isa = XCBuildConfiguration;
			buildSettings = {
				ALWAYS_EMBED_SWIFT_STANDARD_LIBRARIES = YES;
				BUNDLE_LOADER = "$(TEST_HOST)";
				CODE_SIGN_STYLE = Automatic;
				INFOPLIST_FILE = OnCourtTests/Info.plist;
				LD_RUNPATH_SEARCH_PATHS = "$(inherited) @executable_path/Frameworks @loader_path/Frameworks";
				PRODUCT_BUNDLE_IDENTIFIER = com.IanAnderson.OnCourtTests;
				PRODUCT_NAME = "$(TARGET_NAME)";
				SWIFT_VERSION = 4.0;
				TARGETED_DEVICE_FAMILY = "1,2";
				TEST_HOST = "$(BUILT_PRODUCTS_DIR)/OnCourt.app/OnCourt";
			};
			name = Debug;
		};
		84A8001D200FA103004C80BA /* Release */ = {
			isa = XCBuildConfiguration;
			buildSettings = {
				ALWAYS_EMBED_SWIFT_STANDARD_LIBRARIES = YES;
				BUNDLE_LOADER = "$(TEST_HOST)";
				CODE_SIGN_STYLE = Automatic;
				INFOPLIST_FILE = OnCourtTests/Info.plist;
				LD_RUNPATH_SEARCH_PATHS = "$(inherited) @executable_path/Frameworks @loader_path/Frameworks";
				PRODUCT_BUNDLE_IDENTIFIER = com.IanAnderson.OnCourtTests;
				PRODUCT_NAME = "$(TARGET_NAME)";
				SWIFT_VERSION = 4.0;
				TARGETED_DEVICE_FAMILY = "1,2";
				TEST_HOST = "$(BUILT_PRODUCTS_DIR)/OnCourt.app/OnCourt";
			};
			name = Release;
		};
/* End XCBuildConfiguration section */

/* Begin XCConfigurationList section */
		84A80018200FA103004C80BA /* Build configuration list for PBXNativeTarget "OnCourt" */ = {
			isa = XCConfigurationList;
			buildConfigurations = (
				84A80019200FA103004C80BA /* Debug */,
				84A8001A200FA103004C80BA /* Release */,
			);
			defaultConfigurationIsVisible = 0;
			defaultConfigurationName = Release;
		};
		84A8001B200FA103004C80BA /* Build configuration list for PBXNativeTarget "OnCourtTests" */ = {
			isa = XCConfigurationList;
			buildConfigurations = (
				84A8001C200FA103004C80BA /* Debug */,
				84A8001D200FA103004C80BA /* Release */,
			);
			defaultConfigurationIsVisible = 0;
			defaultConfigurationName = Release;
		};
		84A8FFF4200FA103004C80BA /* Build configuration list for PBXProject "OnCourt" */ = {
			isa = XCConfigurationList;
			buildConfigurations = (
				84A80016200FA103004C80BA /* Debug */,
				84A80017200FA103004C80BA /* Release */,
			);
			defaultConfigurationIsVisible = 0;
			defaultConfigurationName = Release;
		};
/* End XCConfigurationList section */
	};
	rootObject = 84A8FFF1200FA103004C80BA /* Project object */;
}
